
Microsoft Visual Studio Solution File, Format Version 12.00
# Visual Studio Version 17
VisualStudioVersion = 17.11.35327.3
MinimumVisualStudioVersion = 10.0.40219.1
Project("{FAE04EC0-301F-11D3-BF4B-00C04F79EFBC}") = "Deadfish", "Deadfish\Deadfish.csproj", "{52D26326-EF2E-42A4-ADD0-A5BD4AC8157E}"
EndProject
Global
	GlobalSection(SolutionConfigurationPlatforms) = preSolution
		Debug|Any CPU = Debug|Any CPU
		Release|Any CPU = Release|Any CPU
	EndGlobalSection
	GlobalSection(ProjectConfigurationPlatforms) = postSolution
		{52D26326-EF2E-42A4-ADD0-A5BD4AC8157E}.Debug|Any CPU.ActiveCfg = Debug|Any CPU
		{52D26326-EF2E-42A4-ADD0-A5BD4AC8157E}.Debug|Any CPU.Build.0 = Debug|Any CPU
		{52D26326-EF2E-42A4-ADD0-A5BD4AC8157E}.Release|Any CPU.ActiveCfg = Release|Any CPU
		{52D26326-EF2E-42A4-ADD0-A5BD4AC8157E}.Release|Any CPU.Build.0 = Release|Any CPU
	EndGlobalSection
	GlobalSection(SolutionProperties) = preSolution
		HideSolutionNode = FALSE
	EndGlobalSection
	GlobalSection(ExtensibilityGlobals) = postSolution
		SolutionGuid = {E46CE488-5D4F-4495-B363-95093399E015}
	EndGlobalSection
EndGlobal
